{
  "name": "poke-oura-mcp-server",
  "version": "1.0.0",
  "lockfileVersion": 3,
  "requires": true,
  "packages": {
    "": {
      "name": "poke-oura-mcp-server",
      "version": "1.0.0",
      "license": "MIT",
      "dependencies": {
        "fastify": "^4.25.0",
        "node-fetch": "^3.3.2"
      }
    }
  }
}
